
Microsoft Visual Studio Solution File, Format Version 12.00
# Visual Studio 15
Project("{FAE04EC0-301F-11D3-BF4B-00C04F79EFBC}") = "CrudDatastore.Samples.Adapters", "CrudDatastore.Samples.Adapters\CrudDatastore.Samples.Adapters.csproj", "{D51DE466-37CA-4947-9A1E-106DF410C8EC}"
EndProject
Project("{FAE04EC0-301F-11D3-BF4B-00C04F79EFBC}") = "CrudDatastore.Samples.SqlClient", "CrudDatastore.Samples.SqlClient\CrudDatastore.Samples.SqlClient.csproj", "{7D253990-B4C6-4A38-BD37-8FBA133095D3}"
EndProject
Project("{FAE04EC0-301F-11D3-BF4B-00C04F79EFBC}") = "CrudDatastore.Samples.SqlClientORM", "CrudDatastore.Samples.SqlClientORM\CrudDatastore.Samples.SqlClientORM.csproj", "{81C0FB32-522E-4E5C-A1C8-D645EAD160DA}"
EndProject
Project("{FAE04EC0-301F-11D3-BF4B-00C04F79EFBC}") = "CrudDatastore.Samples.MultiDbClientORM", "CrudDatastore.Samples.MultiDbClientORM\CrudDatastore.Samples.MultiDbClientORM.csproj", "{5E272D5D-F3FC-4505-9BED-A1C8BFB6CD4E}"
EndProject
Project("{FAE04EC0-301F-11D3-BF4B-00C04F79EFBC}") = "CrudDatastore.Samples.SqlClientDopper", "CrudDatastore.Samples.SqlClientDopper\CrudDatastore.Samples.SqlClientDopper.csproj", "{F388F1C4-C9F7-4441-B3C4-A958F0495CFF}"
EndProject
Global
	GlobalSection(SolutionConfigurationPlatforms) = preSolution
		Debug|anycpu = Debug|anycpu
		Debug|Any CPU = Debug|Any CPU
		Debug|x64 = Debug|x64
		Debug|x86 = Debug|x86
		Release|anycpu = Release|anycpu
		Release|Any CPU = Release|Any CPU
		Release|x64 = Release|x64
		Release|x86 = Release|x86
	EndGlobalSection
	GlobalSection(ProjectConfigurationPlatforms) = postSolution
		{D51DE466-37CA-4947-9A1E-106DF410C8EC}.Debug|anycpu.ActiveCfg = Debug|Any CPU
		{D51DE466-37CA-4947-9A1E-106DF410C8EC}.Debug|anycpu.Build.0 = Debug|Any CPU
		{D51DE466-37CA-4947-9A1E-106DF410C8EC}.Debug|Any CPU.ActiveCfg = Debug|Any CPU
		{D51DE466-37CA-4947-9A1E-106DF410C8EC}.Debug|Any CPU.Build.0 = Debug|Any CPU
		{D51DE466-37CA-4947-9A1E-106DF410C8EC}.Debug|x64.ActiveCfg = Debug|Any CPU
		{D51DE466-37CA-4947-9A1E-106DF410C8EC}.Debug|x64.Build.0 = Debug|Any CPU
		{D51DE466-37CA-4947-9A1E-106DF410C8EC}.Debug|x86.ActiveCfg = Debug|Any CPU
		{D51DE466-37CA-4947-9A1E-106DF410C8EC}.Debug|x86.Build.0 = Debug|Any CPU
		{D51DE466-37CA-4947-9A1E-106DF410C8EC}.Release|anycpu.ActiveCfg = Release|Any CPU
		{D51DE466-37CA-4947-9A1E-106DF410C8EC}.Release|anycpu.Build.0 = Release|Any CPU
		{D51DE466-37CA-4947-9A1E-106DF410C8EC}.Release|Any CPU.ActiveCfg = Release|Any CPU
		{D51DE466-37CA-4947-9A1E-106DF410C8EC}.Release|Any CPU.Build.0 = Release|Any CPU
		{D51DE466-37CA-4947-9A1E-106DF410C8EC}.Release|x64.ActiveCfg = Release|Any CPU
		{D51DE466-37CA-4947-9A1E-106DF410C8EC}.Release|x64.Build.0 = Release|Any CPU
		{D51DE466-37CA-4947-9A1E-106DF410C8EC}.Release|x86.ActiveCfg = Release|Any CPU
		{D51DE466-37CA-4947-9A1E-106DF410C8EC}.Release|x86.Build.0 = Release|Any CPU
		{7D253990-B4C6-4A38-BD37-8FBA133095D3}.Debug|anycpu.ActiveCfg = Debug|Any CPU
		{7D253990-B4C6-4A38-BD37-8FBA133095D3}.Debug|anycpu.Build.0 = Debug|Any CPU
		{7D253990-B4C6-4A38-BD37-8FBA133095D3}.Debug|Any CPU.ActiveCfg = Debug|Any CPU
		{7D253990-B4C6-4A38-BD37-8FBA133095D3}.Debug|Any CPU.Build.0 = Debug|Any CPU
		{7D253990-B4C6-4A38-BD37-8FBA133095D3}.Debug|x64.ActiveCfg = Debug|Any CPU
		{7D253990-B4C6-4A38-BD37-8FBA133095D3}.Debug|x64.Build.0 = Debug|Any CPU
		{7D253990-B4C6-4A38-BD37-8FBA133095D3}.Debug|x86.ActiveCfg = Debug|Any CPU
		{7D253990-B4C6-4A38-BD37-8FBA133095D3}.Debug|x86.Build.0 = Debug|Any CPU
		{7D253990-B4C6-4A38-BD37-8FBA133095D3}.Release|anycpu.ActiveCfg = Release|Any CPU
		{7D253990-B4C6-4A38-BD37-8FBA133095D3}.Release|anycpu.Build.0 = Release|Any CPU
		{7D253990-B4C6-4A38-BD37-8FBA133095D3}.Release|Any CPU.ActiveCfg = Release|Any CPU
		{7D253990-B4C6-4A38-BD37-8FBA133095D3}.Release|Any CPU.Build.0 = Release|Any CPU
		{7D253990-B4C6-4A38-BD37-8FBA133095D3}.Release|x64.ActiveCfg = Release|Any CPU
		{7D253990-B4C6-4A38-BD37-8FBA133095D3}.Release|x64.Build.0 = Release|Any CPU
		{7D253990-B4C6-4A38-BD37-8FBA133095D3}.Release|x86.ActiveCfg = Release|Any CPU
		{7D253990-B4C6-4A38-BD37-8FBA133095D3}.Release|x86.Build.0 = Release|Any CPU
		{81C0FB32-522E-4E5C-A1C8-D645EAD160DA}.Debug|anycpu.ActiveCfg = Debug|Any CPU
		{81C0FB32-522E-4E5C-A1C8-D645EAD160DA}.Debug|anycpu.Build.0 = Debug|Any CPU
		{81C0FB32-522E-4E5C-A1C8-D645EAD160DA}.Debug|Any CPU.ActiveCfg = Debug|Any CPU
		{81C0FB32-522E-4E5C-A1C8-D645EAD160DA}.Debug|Any CPU.Build.0 = Debug|Any CPU
		{81C0FB32-522E-4E5C-A1C8-D645EAD160DA}.Debug|x64.ActiveCfg = Debug|Any CPU
		{81C0FB32-522E-4E5C-A1C8-D645EAD160DA}.Debug|x64.Build.0 = Debug|Any CPU
		{81C0FB32-522E-4E5C-A1C8-D645EAD160DA}.Debug|x86.ActiveCfg = Debug|Any CPU
		{81C0FB32-522E-4E5C-A1C8-D645EAD160DA}.Debug|x86.Build.0 = Debug|Any CPU
		{81C0FB32-522E-4E5C-A1C8-D645EAD160DA}.Release|anycpu.ActiveCfg = Release|Any CPU
		{81C0FB32-522E-4E5C-A1C8-D645EAD160DA}.Release|anycpu.Build.0 = Release|Any CPU
		{81C0FB32-522E-4E5C-A1C8-D645EAD160DA}.Release|Any CPU.ActiveCfg = Release|Any CPU
		{81C0FB32-522E-4E5C-A1C8-D645EAD160DA}.Release|Any CPU.Build.0 = Release|Any CPU
		{81C0FB32-522E-4E5C-A1C8-D645EAD160DA}.Release|x64.ActiveCfg = Release|Any CPU
		{81C0FB32-522E-4E5C-A1C8-D645EAD160DA}.Release|x64.Build.0 = Release|Any CPU
		{81C0FB32-522E-4E5C-A1C8-D645EAD160DA}.Release|x86.ActiveCfg = Release|Any CPU
		{81C0FB32-522E-4E5C-A1C8-D645EAD160DA}.Release|x86.Build.0 = Release|Any CPU
		{5E272D5D-F3FC-4505-9BED-A1C8BFB6CD4E}.Debug|anycpu.ActiveCfg = Debug|Any CPU
		{5E272D5D-F3FC-4505-9BED-A1C8BFB6CD4E}.Debug|anycpu.Build.0 = Debug|Any CPU
		{5E272D5D-F3FC-4505-9BED-A1C8BFB6CD4E}.Debug|Any CPU.ActiveCfg = Debug|Any CPU
		{5E272D5D-F3FC-4505-9BED-A1C8BFB6CD4E}.Debug|Any CPU.Build.0 = Debug|Any CPU
		{5E272D5D-F3FC-4505-9BED-A1C8BFB6CD4E}.Debug|x64.ActiveCfg = Debug|Any CPU
		{5E272D5D-F3FC-4505-9BED-A1C8BFB6CD4E}.Debug|x64.Build.0 = Debug|Any CPU
		{5E272D5D-F3FC-4505-9BED-A1C8BFB6CD4E}.Debug|x86.ActiveCfg = Debug|Any CPU
		{5E272D5D-F3FC-4505-9BED-A1C8BFB6CD4E}.Debug|x86.Build.0 = Debug|Any CPU
		{5E272D5D-F3FC-4505-9BED-A1C8BFB6CD4E}.Release|anycpu.ActiveCfg = Release|Any CPU
		{5E272D5D-F3FC-4505-9BED-A1C8BFB6CD4E}.Release|anycpu.Build.0 = Release|Any CPU
		{5E272D5D-F3FC-4505-9BED-A1C8BFB6CD4E}.Release|Any CPU.ActiveCfg = Release|Any CPU
		{5E272D5D-F3FC-4505-9BED-A1C8BFB6CD4E}.Release|Any CPU.Build.0 = Release|Any CPU
		{5E272D5D-F3FC-4505-9BED-A1C8BFB6CD4E}.Release|x64.ActiveCfg = Release|Any CPU
		{5E272D5D-F3FC-4505-9BED-A1C8BFB6CD4E}.Release|x64.Build.0 = Release|Any CPU
		{5E272D5D-F3FC-4505-9BED-A1C8BFB6CD4E}.Release|x86.ActiveCfg = Release|Any CPU
		{5E272D5D-F3FC-4505-9BED-A1C8BFB6CD4E}.Release|x86.Build.0 = Release|Any CPU
		{F388F1C4-C9F7-4441-B3C4-A958F0495CFF}.Debug|anycpu.ActiveCfg = Debug|Any CPU
		{F388F1C4-C9F7-4441-B3C4-A958F0495CFF}.Debug|anycpu.Build.0 = Debug|Any CPU
		{F388F1C4-C9F7-4441-B3C4-A958F0495CFF}.Debug|Any CPU.ActiveCfg = Debug|Any CPU
		{F388F1C4-C9F7-4441-B3C4-A958F0495CFF}.Debug|Any CPU.Build.0 = Debug|Any CPU
		{F388F1C4-C9F7-4441-B3C4-A958F0495CFF}.Debug|x64.ActiveCfg = Debug|Any CPU
		{F388F1C4-C9F7-4441-B3C4-A958F0495CFF}.Debug|x64.Build.0 = Debug|Any CPU
		{F388F1C4-C9F7-4441-B3C4-A958F0495CFF}.Debug|x86.ActiveCfg = Debug|Any CPU
		{F388F1C4-C9F7-4441-B3C4-A958F0495CFF}.Debug|x86.Build.0 = Debug|Any CPU
		{F388F1C4-C9F7-4441-B3C4-A958F0495CFF}.Release|anycpu.ActiveCfg = Release|Any CPU
		{F388F1C4-C9F7-4441-B3C4-A958F0495CFF}.Release|anycpu.Build.0 = Release|Any CPU
		{F388F1C4-C9F7-4441-B3C4-A958F0495CFF}.Release|Any CPU.ActiveCfg = Release|Any CPU
		{F388F1C4-C9F7-4441-B3C4-A958F0495CFF}.Release|Any CPU.Build.0 = Release|Any CPU
		{F388F1C4-C9F7-4441-B3C4-A958F0495CFF}.Release|x64.ActiveCfg = Release|Any CPU
		{F388F1C4-C9F7-4441-B3C4-A958F0495CFF}.Release|x64.Build.0 = Release|Any CPU
		{F388F1C4-C9F7-4441-B3C4-A958F0495CFF}.Release|x86.ActiveCfg = Release|Any CPU
		{F388F1C4-C9F7-4441-B3C4-A958F0495CFF}.Release|x86.Build.0 = Release|Any CPU
	EndGlobalSection
	GlobalSection(SolutionProperties) = preSolution
		HideSolutionNode = FALSE
	EndGlobalSection
EndGlobal



